
Microsoft Visual Studio Solution File, Format Version 12.00
# Visual Studio Version 17
VisualStudioVersion = 17.5.33502.453
MinimumVisualStudioVersion = 10.0.40219.1
Project("{9A19103F-16F7-4668-BE54-9A1E7A4F7556}") = "IntegrationTestingPOC.Api", "IntegrationTestingPOC.Api.csproj", "{3C311597-5BC3-4BE6-BB7E-B9A2953F10E6}"
EndProject
Project("{9A19103F-16F7-4668-BE54-9A1E7A4F7556}") = "IntegrationTestingPOC.IntegrationTests", "..\NetCoreTestPOC.IntegrationTests\IntegrationTestingPOC.IntegrationTests.csproj", "{DD4917BA-4BC9-4CBC-9B98-580FAF8565B2}"
EndProject
Global
	GlobalSection(SolutionConfigurationPlatforms) = preSolution
		Debug|Any CPU = Debug|Any CPU
		Release|Any CPU = Release|Any CPU
	EndGlobalSection
	GlobalSection(ProjectConfigurationPlatforms) = postSolution
		{3C311597-5BC3-4BE6-BB7E-B9A2953F10E6}.Debug|Any CPU.ActiveCfg = Debug|Any CPU
		{3C311597-5BC3-4BE6-BB7E-B9A2953F10E6}.Debug|Any CPU.Build.0 = Debug|Any CPU
		{3C311597-5BC3-4BE6-BB7E-B9A2953F10E6}.Release|Any CPU.ActiveCfg = Release|Any CPU
		{3C311597-5BC3-4BE6-BB7E-B9A2953F10E6}.Release|Any CPU.Build.0 = Release|Any CPU
		{DD4917BA-4BC9-4CBC-9B98-580FAF8565B2}.Debug|Any CPU.ActiveCfg = Debug|Any CPU
		{DD4917BA-4BC9-4CBC-9B98-580FAF8565B2}.Debug|Any CPU.Build.0 = Debug|Any CPU
		{DD4917BA-4BC9-4CBC-9B98-580FAF8565B2}.Release|Any CPU.ActiveCfg = Release|Any CPU
		{DD4917BA-4BC9-4CBC-9B98-580FAF8565B2}.Release|Any CPU.Build.0 = Release|Any CPU
	EndGlobalSection
	GlobalSection(SolutionProperties) = preSolution
		HideSolutionNode = FALSE
	EndGlobalSection
	GlobalSection(ExtensibilityGlobals) = postSolution
		SolutionGuid = {010281B8-7219-4B0D-BA71-ED57C4BA9538}
	EndGlobalSection
EndGlobal
